
Microsoft Visual Studio Solution File, Format Version 12.00
# Visual Studio Version 17
VisualStudioVersion = 17.0.32014.148
MinimumVisualStudioVersion = 10.0.40219.1
Project("{FAE04EC0-301F-11D3-BF4B-00C04F79EFBC}") = "DemoApp", "DemoApp\DemoApp.csproj", "{BBC65124-492B-4C6C-8E6B-085E9351CF83}"
EndProject
Global
	GlobalSection(SolutionConfigurationPlatforms) = preSolution
		Debug|Any CPU = Debug|Any CPU
		Release|Any CPU = Release|Any CPU
	EndGlobalSection
	GlobalSection(ProjectConfigurationPlatforms) = postSolution
		{BBC65124-492B-4C6C-8E6B-085E9351CF83}.Debug|Any CPU.ActiveCfg = Debug|Any CPU
		{BBC65124-492B-4C6C-8E6B-085E9351CF83}.Debug|Any CPU.Build.0 = Debug|Any CPU
		{BBC65124-492B-4C6C-8E6B-085E9351CF83}.Release|Any CPU.ActiveCfg = Release|Any CPU
		{BBC65124-492B-4C6C-8E6B-085E9351CF83}.Release|Any CPU.Build.0 = Release|Any CPU
	EndGlobalSection
	GlobalSection(SolutionProperties) = preSolution
		HideSolutionNode = FALSE
	EndGlobalSection
	GlobalSection(ExtensibilityGlobals) = postSolution
		SolutionGuid = {1A10CAC0-9BE1-4454-BE04-F9937055CADE}
	EndGlobalSection
EndGlobal
